
Microsoft Visual Studio Solution File, Format Version 12.00
# Visual Studio 14
VisualStudioVersion = 14.0.25420.1
MinimumVisualStudioVersion = 10.0.40219.1
Project("{FAE04EC0-301F-11D3-BF4B-00C04F79EFBC}") = "CampPresentation", "CampPresentation\CampPresentation.csproj", "{B5CFBFED-DDD2-4689-BCD3-489630ADE565}"
EndProject
Project("{FAE04EC0-301F-11D3-BF4B-00C04F79EFBC}") = "CampBusinessLogic", "CampBusinessLogic\CampBusinessLogic.csproj", "{3283B342-1D37-4F5D-BE85-75EDBBF20588}"
EndProject
Project("{FAE04EC0-301F-11D3-BF4B-00C04F79EFBC}") = "CampDataAccess", "CampDataAccess\CampDataAccess.csproj", "{30F3EB2A-7034-40EE-9CC7-BA70815C7574}"
EndProject
Global
	GlobalSection(SolutionConfigurationPlatforms) = preSolution
		Debug|Any CPU = Debug|Any CPU
		Release|Any CPU = Release|Any CPU
	EndGlobalSection
	GlobalSection(ProjectConfigurationPlatforms) = postSolution
		{B5CFBFED-DDD2-4689-BCD3-489630ADE565}.Debug|Any CPU.ActiveCfg = Debug|Any CPU
		{B5CFBFED-DDD2-4689-BCD3-489630ADE565}.Debug|Any CPU.Build.0 = Debug|Any CPU
		{B5CFBFED-DDD2-4689-BCD3-489630ADE565}.Release|Any CPU.ActiveCfg = Release|Any CPU
		{B5CFBFED-DDD2-4689-BCD3-489630ADE565}.Release|Any CPU.Build.0 = Release|Any CPU
		{3283B342-1D37-4F5D-BE85-75EDBBF20588}.Debug|Any CPU.ActiveCfg = Debug|Any CPU
		{3283B342-1D37-4F5D-BE85-75EDBBF20588}.Debug|Any CPU.Build.0 = Debug|Any CPU
		{3283B342-1D37-4F5D-BE85-75EDBBF20588}.Release|Any CPU.ActiveCfg = Release|Any CPU
		{3283B342-1D37-4F5D-BE85-75EDBBF20588}.Release|Any CPU.Build.0 = Release|Any CPU
		{30F3EB2A-7034-40EE-9CC7-BA70815C7574}.Debug|Any CPU.ActiveCfg = Debug|Any CPU
		{30F3EB2A-7034-40EE-9CC7-BA70815C7574}.Debug|Any CPU.Build.0 = Debug|Any CPU
		{30F3EB2A-7034-40EE-9CC7-BA70815C7574}.Release|Any CPU.ActiveCfg = Release|Any CPU
		{30F3EB2A-7034-40EE-9CC7-BA70815C7574}.Release|Any CPU.Build.0 = Release|Any CPU
	EndGlobalSection
	GlobalSection(SolutionProperties) = preSolution
		HideSolutionNode = FALSE
	EndGlobalSection
EndGlobal
